{
  "requires": true,
  "lockfileVersion": 1,
  "dependencies": {
    "cpp": {
      "version": "0.0.1",
      "resolved": "https://registry.npmjs.org/cpp/-/cpp-0.0.1.tgz",
      "integrity": "sha512-7SBmkBsFfl9dLPxH7aNJeEfyUnZ4vEv9bRWhWKkKwhf/th0hQ6UOp0rzXlqYcpkVocJL0DCajiAgQRp7Zzy0qA=="
    }
  }
}
